Microsoft Visual Studio Solution File, Format Version 12.00
# Visual Studio Version 17
VisualStudioVersion = 17.0.31903.59
MinimumVisualStudioVersion = 10.0.40219.1
Project("{FAE04EC0-301F-11D3-BF4B-00C04F79EFBC}") = "Unity", "common\Unity\Unity.csproj", "{F49ED31D-39B5-461B-87B7-279A69745BD7}"
EndProject
Project("{FAE04EC0-301F-11D3-BF4B-00C04F79EFBC}") = "Unity.Tests", "common\Unity.Tests\Unity.Tests.csproj", "{4185CB83-3D04-4EB3-BEBD-90F433BFA220}"
EndProject
Project("{FAE04EC0-301F-11D3-BF4B-00C04F79EFBC}") = "Unity.DaemonTests", "common\Unity.DaemonTests\Unity.DaemonTests.csproj", "{780F254B-7C05-49A0-B197-4334066B2A55}"
EndProject
Project("{FAE04EC0-301F-11D3-BF4B-00C04F79EFBC}") = "Unity.DaemonTests.Backend", "common\Unity.DaemonTests.Backend\Unity.DaemonTests.Backend.csproj", "{1526B2E4-F4EF-4F21-A725-F7D592780FEA}"
EndProject
Project("{FAE04EC0-301F-11D3-BF4B-00C04F79EFBC}") = "UnityHub", "windows\UnityHub\UnityHub.csproj", "{BFB5D952-61D4-4DDA-B39D-FD0585523E3E}"
EndProject
Global
	GlobalSection(SolutionConfigurationPlatforms) = preSolution
		Debug|Any CPU = Debug|Any CPU
		Release|Any CPU = Release|Any CPU
	EndGlobalSection
	GlobalSection(ProjectConfigurationPlatforms) = postSolution
		{F49ED31D-39B5-461B-87B7-279A69745BD7}.Debug|Any CPU.ActiveCfg = Debug|Any CPU
		{F49ED31D-39B5-461B-87B7-279A69745BD7}.Debug|Any CPU.Build.0 = Debug|Any CPU
		{F49ED31D-39B5-461B-87B7-279A69745BD7}.Release|Any CPU.ActiveCfg = Release|Any CPU
		{F49ED31D-39B5-461B-87B7-279A69745BD7}.Release|Any CPU.Build.0 = Release|Any CPU
		{4185CB83-3D04-4EB3-BEBD-90F433BFA220}.Debug|Any CPU.ActiveCfg = Debug|Any CPU
		{4185CB83-3D04-4EB3-BEBD-90F433BFA220}.Debug|Any CPU.Build.0 = Debug|Any CPU
		{4185CB83-3D04-4EB3-BEBD-90F433BFA220}.Release|Any CPU.ActiveCfg = Release|Any CPU
		{4185CB83-3D04-4EB3-BEBD-90F433BFA220}.Release|Any CPU.Build.0 = Release|Any CPU
		{780F254B-7C05-49A0-B197-4334066B2A55}.Debug|Any CPU.ActiveCfg = Debug|Any CPU
		{780F254B-7C05-49A0-B197-4334066B2A55}.Debug|Any CPU.Build.0 = Debug|Any CPU
		{780F254B-7C05-49A0-B197-4334066B2A55}.Release|Any CPU.ActiveCfg = Release|Any CPU
		{780F254B-7C05-49A0-B197-4334066B2A55}.Release|Any CPU.Build.0 = Release|Any CPU
		{1526B2E4-F4EF-4F21-A725-F7D592780FEA}.Debug|Any CPU.ActiveCfg = Debug|Any CPU
		{1526B2E4-F4EF-4F21-A725-F7D592780FEA}.Debug|Any CPU.Build.0 = Debug|Any CPU
		{1526B2E4-F4EF-4F21-A725-F7D592780FEA}.Release|Any CPU.ActiveCfg = Release|Any CPU
		{1526B2E4-F4EF-4F21-A725-F7D592780FEA}.Release|Any CPU.Build.0 = Release|Any CPU
		{BFB5D952-61D4-4DDA-B39D-FD0585523E3E}.Debug|Any CPU.ActiveCfg = Debug|Any CPU
		{BFB5D952-61D4-4DDA-B39D-FD0585523E3E}.Debug|Any CPU.Build.0 = Debug|Any CPU
		{BFB5D952-61D4-4DDA-B39D-FD0585523E3E}.Release|Any CPU.ActiveCfg = Release|Any CPU
		{BFB5D952-61D4-4DDA-B39D-FD0585523E3E}.Release|Any CPU.Build.0 = Release|Any CPU
	EndGlobalSection
EndGlobal
